
Microsoft Visual Studio Solution File, Format Version 12.00
# Visual Studio 15
VisualStudioVersion = 15.0.26124.0
MinimumVisualStudioVersion = 15.0.26124.0
Project("{FAE04EC0-301F-11D3-BF4B-00C04F79EFBC}") = "Tasks.Model", "Tasks.Model\Tasks.Model.csproj", "{A3F6A41C-03EA-4A70-B478-37DEBB94CE92}"
EndProject
Project("{FAE04EC0-301F-11D3-BF4B-00C04F79EFBC}") = "Tasks.Service.Api", "Tasks.Service.Api\Tasks.Service.Api.csproj", "{87DBF415-C427-4532-86A3-88C2724C6424}"
EndProject
Project("{FAE04EC0-301F-11D3-BF4B-00C04F79EFBC}") = "Tasks.Service.Implementation", "Tasks.Service.Implementation\Tasks.Service.Implementation.csproj", "{31E597FB-1B37-4DFC-B3F7-338BF2F1B22C}"
EndProject
Project("{FAE04EC0-301F-11D3-BF4B-00C04F79EFBC}") = "Tasks.Business", "Tasks.Business\Tasks.Business.csproj", "{B302A808-AE70-4D0B-BEDD-B67FBA02B47F}"
EndProject
Project("{FAE04EC0-301F-11D3-BF4B-00C04F79EFBC}") = "Tasks.Web.ApiController", "Tasks.Web.ApiController\Tasks.Web.ApiController.csproj", "{881407B6-6B1D-4316-8695-F97709481130}"
EndProject
Project("{FAE04EC0-301F-11D3-BF4B-00C04F79EFBC}") = "Tasks.Application", "Tasks.Application\Tasks.Application.csproj", "{F5BEE3FB-0AF9-4CF2-BD7E-B2F885F73330}"
EndProject
Global
	GlobalSection(SolutionConfigurationPlatforms) = preSolution
		Debug|Any CPU = Debug|Any CPU
		Debug|x64 = Debug|x64
		Debug|x86 = Debug|x86
		Release|Any CPU = Release|Any CPU
		Release|x64 = Release|x64
		Release|x86 = Release|x86
	EndGlobalSection
	GlobalSection(SolutionProperties) = preSolution
		HideSolutionNode = FALSE
	EndGlobalSection
	GlobalSection(ProjectConfigurationPlatforms) = postSolution
		{A3F6A41C-03EA-4A70-B478-37DEBB94CE92}.Debug|Any CPU.ActiveCfg = Debug|Any CPU
		{A3F6A41C-03EA-4A70-B478-37DEBB94CE92}.Debug|Any CPU.Build.0 = Debug|Any CPU
		{A3F6A41C-03EA-4A70-B478-37DEBB94CE92}.Debug|x64.ActiveCfg = Debug|Any CPU
		{A3F6A41C-03EA-4A70-B478-37DEBB94CE92}.Debug|x64.Build.0 = Debug|Any CPU
		{A3F6A41C-03EA-4A70-B478-37DEBB94CE92}.Debug|x86.ActiveCfg = Debug|Any CPU
		{A3F6A41C-03EA-4A70-B478-37DEBB94CE92}.Debug|x86.Build.0 = Debug|Any CPU
		{A3F6A41C-03EA-4A70-B478-37DEBB94CE92}.Release|Any CPU.ActiveCfg = Release|Any CPU
		{A3F6A41C-03EA-4A70-B478-37DEBB94CE92}.Release|Any CPU.Build.0 = Release|Any CPU
		{A3F6A41C-03EA-4A70-B478-37DEBB94CE92}.Release|x64.ActiveCfg = Release|Any CPU
		{A3F6A41C-03EA-4A70-B478-37DEBB94CE92}.Release|x64.Build.0 = Release|Any CPU
		{A3F6A41C-03EA-4A70-B478-37DEBB94CE92}.Release|x86.ActiveCfg = Release|Any CPU
		{A3F6A41C-03EA-4A70-B478-37DEBB94CE92}.Release|x86.Build.0 = Release|Any CPU
		{87DBF415-C427-4532-86A3-88C2724C6424}.Debug|Any CPU.ActiveCfg = Debug|Any CPU
		{87DBF415-C427-4532-86A3-88C2724C6424}.Debug|Any CPU.Build.0 = Debug|Any CPU
		{87DBF415-C427-4532-86A3-88C2724C6424}.Debug|x64.ActiveCfg = Debug|Any CPU
		{87DBF415-C427-4532-86A3-88C2724C6424}.Debug|x64.Build.0 = Debug|Any CPU
		{87DBF415-C427-4532-86A3-88C2724C6424}.Debug|x86.ActiveCfg = Debug|Any CPU
		{87DBF415-C427-4532-86A3-88C2724C6424}.Debug|x86.Build.0 = Debug|Any CPU
		{87DBF415-C427-4532-86A3-88C2724C6424}.Release|Any CPU.ActiveCfg = Release|Any CPU
		{87DBF415-C427-4532-86A3-88C2724C6424}.Release|Any CPU.Build.0 = Release|Any CPU
		{87DBF415-C427-4532-86A3-88C2724C6424}.Release|x64.ActiveCfg = Release|Any CPU
		{87DBF415-C427-4532-86A3-88C2724C6424}.Release|x64.Build.0 = Release|Any CPU
		{87DBF415-C427-4532-86A3-88C2724C6424}.Release|x86.ActiveCfg = Release|Any CPU
		{87DBF415-C427-4532-86A3-88C2724C6424}.Release|x86.Build.0 = Release|Any CPU
		{31E597FB-1B37-4DFC-B3F7-338BF2F1B22C}.Debug|Any CPU.ActiveCfg = Debug|Any CPU
		{31E597FB-1B37-4DFC-B3F7-338BF2F1B22C}.Debug|Any CPU.Build.0 = Debug|Any CPU
		{31E597FB-1B37-4DFC-B3F7-338BF2F1B22C}.Debug|x64.ActiveCfg = Debug|Any CPU
		{31E597FB-1B37-4DFC-B3F7-338BF2F1B22C}.Debug|x64.Build.0 = Debug|Any CPU
		{31E597FB-1B37-4DFC-B3F7-338BF2F1B22C}.Debug|x86.ActiveCfg = Debug|Any CPU
		{31E597FB-1B37-4DFC-B3F7-338BF2F1B22C}.Debug|x86.Build.0 = Debug|Any CPU
		{31E597FB-1B37-4DFC-B3F7-338BF2F1B22C}.Release|Any CPU.ActiveCfg = Release|Any CPU
		{31E597FB-1B37-4DFC-B3F7-338BF2F1B22C}.Release|Any CPU.Build.0 = Release|Any CPU
		{31E597FB-1B37-4DFC-B3F7-338BF2F1B22C}.Release|x64.ActiveCfg = Release|Any CPU
		{31E597FB-1B37-4DFC-B3F7-338BF2F1B22C}.Release|x64.Build.0 = Release|Any CPU
		{31E597FB-1B37-4DFC-B3F7-338BF2F1B22C}.Release|x86.ActiveCfg = Release|Any CPU
		{31E597FB-1B37-4DFC-B3F7-338BF2F1B22C}.Release|x86.Build.0 = Release|Any CPU
		{881407B6-6B1D-4316-8695-F97709481130}.Debug|Any CPU.ActiveCfg = Debug|Any CPU
		{881407B6-6B1D-4316-8695-F97709481130}.Debug|Any CPU.Build.0 = Debug|Any CPU
		{881407B6-6B1D-4316-8695-F97709481130}.Debug|x64.ActiveCfg = Debug|Any CPU
		{881407B6-6B1D-4316-8695-F97709481130}.Debug|x64.Build.0 = Debug|Any CPU
		{881407B6-6B1D-4316-8695-F97709481130}.Debug|x86.ActiveCfg = Debug|Any CPU
		{881407B6-6B1D-4316-8695-F97709481130}.Debug|x86.Build.0 = Debug|Any CPU
		{881407B6-6B1D-4316-8695-F97709481130}.Release|Any CPU.ActiveCfg = Release|Any CPU
		{881407B6-6B1D-4316-8695-F97709481130}.Release|Any CPU.Build.0 = Release|Any CPU
		{881407B6-6B1D-4316-8695-F97709481130}.Release|x64.ActiveCfg = Release|Any CPU
		{881407B6-6B1D-4316-8695-F97709481130}.Release|x64.Build.0 = Release|Any CPU
		{881407B6-6B1D-4316-8695-F97709481130}.Release|x86.ActiveCfg = Release|Any CPU
		{881407B6-6B1D-4316-8695-F97709481130}.Release|x86.Build.0 = Release|Any CPU
		{B302A808-AE70-4D0B-BEDD-B67FBA02B47F}.Debug|Any CPU.ActiveCfg = Debug|Any CPU
		{B302A808-AE70-4D0B-BEDD-B67FBA02B47F}.Debug|Any CPU.Build.0 = Debug|Any CPU
		{B302A808-AE70-4D0B-BEDD-B67FBA02B47F}.Debug|x64.ActiveCfg = Debug|Any CPU
		{B302A808-AE70-4D0B-BEDD-B67FBA02B47F}.Debug|x64.Build.0 = Debug|Any CPU
		{B302A808-AE70-4D0B-BEDD-B67FBA02B47F}.Debug|x86.ActiveCfg = Debug|Any CPU
		{B302A808-AE70-4D0B-BEDD-B67FBA02B47F}.Debug|x86.Build.0 = Debug|Any CPU
		{B302A808-AE70-4D0B-BEDD-B67FBA02B47F}.Release|Any CPU.ActiveCfg = Release|Any CPU
		{B302A808-AE70-4D0B-BEDD-B67FBA02B47F}.Release|Any CPU.Build.0 = Release|Any CPU
		{B302A808-AE70-4D0B-BEDD-B67FBA02B47F}.Release|x64.ActiveCfg = Release|Any CPU
		{B302A808-AE70-4D0B-BEDD-B67FBA02B47F}.Release|x64.Build.0 = Release|Any CPU
		{B302A808-AE70-4D0B-BEDD-B67FBA02B47F}.Release|x86.ActiveCfg = Release|Any CPU
		{B302A808-AE70-4D0B-BEDD-B67FBA02B47F}.Release|x86.Build.0 = Release|Any CPU
		{F5BEE3FB-0AF9-4CF2-BD7E-B2F885F73330}.Debug|Any CPU.ActiveCfg = Debug|Any CPU
		{F5BEE3FB-0AF9-4CF2-BD7E-B2F885F73330}.Debug|Any CPU.Build.0 = Debug|Any CPU
		{F5BEE3FB-0AF9-4CF2-BD7E-B2F885F73330}.Debug|x64.ActiveCfg = Debug|Any CPU
		{F5BEE3FB-0AF9-4CF2-BD7E-B2F885F73330}.Debug|x64.Build.0 = Debug|Any CPU
		{F5BEE3FB-0AF9-4CF2-BD7E-B2F885F73330}.Debug|x86.ActiveCfg = Debug|Any CPU
		{F5BEE3FB-0AF9-4CF2-BD7E-B2F885F73330}.Debug|x86.Build.0 = Debug|Any CPU
		{F5BEE3FB-0AF9-4CF2-BD7E-B2F885F73330}.Release|Any CPU.ActiveCfg = Release|Any CPU
		{F5BEE3FB-0AF9-4CF2-BD7E-B2F885F73330}.Release|Any CPU.Build.0 = Release|Any CPU
		{F5BEE3FB-0AF9-4CF2-BD7E-B2F885F73330}.Release|x64.ActiveCfg = Release|Any CPU
		{F5BEE3FB-0AF9-4CF2-BD7E-B2F885F73330}.Release|x64.Build.0 = Release|Any CPU
		{F5BEE3FB-0AF9-4CF2-BD7E-B2F885F73330}.Release|x86.ActiveCfg = Release|Any CPU
		{F5BEE3FB-0AF9-4CF2-BD7E-B2F885F73330}.Release|x86.Build.0 = Release|Any CPU
	EndGlobalSection
EndGlobal
